# This file was autogenerated by Stack.
# You should not edit this file by hand.
# For more information, please see the documentation at:
#   https://docs.haskellstack.org/en/stable/lock_files

packages:
- completed:
    hackage: suavemente-0.1.0.0@sha256:e474e272b8053421e7b79f0cef80f2679de8addcf959b9a1622f4540a20567e1,1978
    pantry-tree:
      size: 367
      sha256: 6bfc128ca08bec1016e8aa27bb5294bc68f5c65719e3fa0ed02d0f9c9d83a495
  original:
    hackage: suavemente-0.1.0.0
snapshots:
- completed:
    size: 491155
    url: https://raw.githubusercontent.com/commercialhaskell/stackage-snapshots/master/lts/13/0.yaml
    sha256: 8d3c33e0feab8e04b9ed31452e0219a2b827ed1338c809f79d986c71a177e6ba
  original: lts-13.0
